
Microsoft Visual Studio Solution File, Format Version 12.00
# Visual Studio Version 17
VisualStudioVersion = 17.4.33110.190
MinimumVisualStudioVersion = 10.0.40219.1
Project("{FAE04EC0-301F-11D3-BF4B-00C04F79EFBC}") = "NetC.JuniorDeveloperExam.Web", "NetC.JuniorDeveloperExam.Web\NetC.JuniorDeveloperExam.Web.csproj", "{6E37099D-8F11-4D82-A489-31FD2BB12172}"
EndProject
Global
	GlobalSection(SolutionConfigurationPlatforms) = preSolution
		Debug|Any CPU = Debug|Any CPU
		Release|Any CPU = Release|Any CPU
	EndGlobalSection
	GlobalSection(ProjectConfigurationPlatforms) = postSolution
		{6E37099D-8F11-4D82-A489-31FD2BB12172}.Debug|Any CPU.ActiveCfg = Debug|Any CPU
		{6E37099D-8F11-4D82-A489-31FD2BB12172}.Debug|Any CPU.Build.0 = Debug|Any CPU
		{6E37099D-8F11-4D82-A489-31FD2BB12172}.Release|Any CPU.ActiveCfg = Release|Any CPU
		{6E37099D-8F11-4D82-A489-31FD2BB12172}.Release|Any CPU.Build.0 = Release|Any CPU
	EndGlobalSection
	GlobalSection(SolutionProperties) = preSolution
		HideSolutionNode = FALSE
	EndGlobalSection
	GlobalSection(ExtensibilityGlobals) = postSolution
		SolutionGuid = {D7AABEC9-73DE-4BA5-8852-F3A36C159679}
	EndGlobalSection
EndGlobal
